
Microsoft Visual Studio Solution File, Format Version 12.00
# Visual Studio Version 17
VisualStudioVersion = 17.14.36518.9 d17.14
MinimumVisualStudioVersion = 10.0.40219.1
Project("{FAE04EC0-301F-11D3-BF4B-00C04F79EFBC}") = "InputOverlay", "InputOverlay\InputOverlay.csproj", "{BE4B55B8-B0CB-4C70-B369-9FCF67EFB176}"
EndProject
Global
	GlobalSection(SolutionConfigurationPlatforms) = preSolution
		Debug|Any CPU = Debug|Any CPU
		Release|Any CPU = Release|Any CPU
	EndGlobalSection
	GlobalSection(ProjectConfigurationPlatforms) = postSolution
		{BE4B55B8-B0CB-4C70-B369-9FCF67EFB176}.Debug|Any CPU.ActiveCfg = Debug|Any CPU
		{BE4B55B8-B0CB-4C70-B369-9FCF67EFB176}.Debug|Any CPU.Build.0 = Debug|Any CPU
		{BE4B55B8-B0CB-4C70-B369-9FCF67EFB176}.Release|Any CPU.ActiveCfg = Release|Any CPU
		{BE4B55B8-B0CB-4C70-B369-9FCF67EFB176}.Release|Any CPU.Build.0 = Release|Any CPU
	EndGlobalSection
	GlobalSection(SolutionProperties) = preSolution
		HideSolutionNode = FALSE
	EndGlobalSection
	GlobalSection(ExtensibilityGlobals) = postSolution
		SolutionGuid = {84F633E9-9C3F-4F1F-85C2-DEFDB91CA8E2}
	EndGlobalSection
EndGlobal
